
Microsoft Visual Studio Solution File, Format Version 12.00
# Visual Studio Version 16
VisualStudioVersion = 16.0.30804.86
MinimumVisualStudioVersion = 10.0.40219.1
Project("{FAE04EC0-301F-11D3-BF4B-00C04F79EFBC}") = "LeagueApp", "LeagueApp\LeagueApp.csproj", "{BE77DE7E-3693-4EB6-BDF4-6EE577B32584}"
EndProject
Project("{FAE04EC0-301F-11D3-BF4B-00C04F79EFBC}") = "Models", "Summoner\Models.csproj", "{69022C3B-D4A9-457E-804A-C1E264E5641F}"
EndProject
Global
	GlobalSection(SolutionConfigurationPlatforms) = preSolution
		Debug|Any CPU = Debug|Any CPU
		Release|Any CPU = Release|Any CPU
	EndGlobalSection
	GlobalSection(ProjectConfigurationPlatforms) = postSolution
		{BE77DE7E-3693-4EB6-BDF4-6EE577B32584}.Debug|Any CPU.ActiveCfg = Debug|Any CPU
		{BE77DE7E-3693-4EB6-BDF4-6EE577B32584}.Debug|Any CPU.Build.0 = Debug|Any CPU
		{BE77DE7E-3693-4EB6-BDF4-6EE577B32584}.Release|Any CPU.ActiveCfg = Release|Any CPU
		{BE77DE7E-3693-4EB6-BDF4-6EE577B32584}.Release|Any CPU.Build.0 = Release|Any CPU
		{69022C3B-D4A9-457E-804A-C1E264E5641F}.Debug|Any CPU.ActiveCfg = Debug|Any CPU
		{69022C3B-D4A9-457E-804A-C1E264E5641F}.Debug|Any CPU.Build.0 = Debug|Any CPU
		{69022C3B-D4A9-457E-804A-C1E264E5641F}.Release|Any CPU.ActiveCfg = Release|Any CPU
		{69022C3B-D4A9-457E-804A-C1E264E5641F}.Release|Any CPU.Build.0 = Release|Any CPU
	EndGlobalSection
	GlobalSection(SolutionProperties) = preSolution
		HideSolutionNode = FALSE
	EndGlobalSection
	GlobalSection(ExtensibilityGlobals) = postSolution
		SolutionGuid = {D0C6A899-2B5C-4EC8-9767-88902F8BB32C}
	EndGlobalSection
EndGlobal
